
Microsoft Visual Studio Solution File, Format Version 12.00
# Visual Studio Version 16
VisualStudioVersion = 16.0.30114.105
MinimumVisualStudioVersion = 10.0.40219.1
Project("{FAE04EC0-301F-11D3-BF4B-00C04F79EFBC}") = "API", "API\API.csproj", "{EFAC9057-3DB3-4638-B6B1-06010775FC16}"
EndProject
Project("{FAE04EC0-301F-11D3-BF4B-00C04F79EFBC}") = "Application", "Application\Application.csproj", "{F5F96B07-0D90-4328-BC84-7B6A03EA37F5}"
EndProject
Project("{FAE04EC0-301F-11D3-BF4B-00C04F79EFBC}") = "Persistence", "Persistence\Persistence.csproj", "{A920769E-3E80-4DF6-BFFB-FE6C7EB5B300}"
EndProject
Project("{FAE04EC0-301F-11D3-BF4B-00C04F79EFBC}") = "Domain", "Domain\Domain.csproj", "{1D4246CF-9F54-458D-A1D3-B90F23D17396}"
EndProject
Global
	GlobalSection(SolutionConfigurationPlatforms) = preSolution
		Debug|Any CPU = Debug|Any CPU
		Debug|x64 = Debug|x64
		Debug|x86 = Debug|x86
		Release|Any CPU = Release|Any CPU
		Release|x64 = Release|x64
		Release|x86 = Release|x86
	EndGlobalSection
	GlobalSection(SolutionProperties) = preSolution
		HideSolutionNode = FALSE
	EndGlobalSection
	GlobalSection(ProjectConfigurationPlatforms) = postSolution
		{EFAC9057-3DB3-4638-B6B1-06010775FC16}.Debug|Any CPU.ActiveCfg = Debug|Any CPU
		{EFAC9057-3DB3-4638-B6B1-06010775FC16}.Debug|Any CPU.Build.0 = Debug|Any CPU
		{EFAC9057-3DB3-4638-B6B1-06010775FC16}.Debug|x64.ActiveCfg = Debug|Any CPU
		{EFAC9057-3DB3-4638-B6B1-06010775FC16}.Debug|x64.Build.0 = Debug|Any CPU
		{EFAC9057-3DB3-4638-B6B1-06010775FC16}.Debug|x86.ActiveCfg = Debug|Any CPU
		{EFAC9057-3DB3-4638-B6B1-06010775FC16}.Debug|x86.Build.0 = Debug|Any CPU
		{EFAC9057-3DB3-4638-B6B1-06010775FC16}.Release|Any CPU.ActiveCfg = Release|Any CPU
		{EFAC9057-3DB3-4638-B6B1-06010775FC16}.Release|Any CPU.Build.0 = Release|Any CPU
		{EFAC9057-3DB3-4638-B6B1-06010775FC16}.Release|x64.ActiveCfg = Release|Any CPU
		{EFAC9057-3DB3-4638-B6B1-06010775FC16}.Release|x64.Build.0 = Release|Any CPU
		{EFAC9057-3DB3-4638-B6B1-06010775FC16}.Release|x86.ActiveCfg = Release|Any CPU
		{EFAC9057-3DB3-4638-B6B1-06010775FC16}.Release|x86.Build.0 = Release|Any CPU
		{F5F96B07-0D90-4328-BC84-7B6A03EA37F5}.Debug|Any CPU.ActiveCfg = Debug|Any CPU
		{F5F96B07-0D90-4328-BC84-7B6A03EA37F5}.Debug|Any CPU.Build.0 = Debug|Any CPU
		{F5F96B07-0D90-4328-BC84-7B6A03EA37F5}.Debug|x64.ActiveCfg = Debug|Any CPU
		{F5F96B07-0D90-4328-BC84-7B6A03EA37F5}.Debug|x64.Build.0 = Debug|Any CPU
		{F5F96B07-0D90-4328-BC84-7B6A03EA37F5}.Debug|x86.ActiveCfg = Debug|Any CPU
		{F5F96B07-0D90-4328-BC84-7B6A03EA37F5}.Debug|x86.Build.0 = Debug|Any CPU
		{F5F96B07-0D90-4328-BC84-7B6A03EA37F5}.Release|Any CPU.ActiveCfg = Release|Any CPU
		{F5F96B07-0D90-4328-BC84-7B6A03EA37F5}.Release|Any CPU.Build.0 = Release|Any CPU
		{F5F96B07-0D90-4328-BC84-7B6A03EA37F5}.Release|x64.ActiveCfg = Release|Any CPU
		{F5F96B07-0D90-4328-BC84-7B6A03EA37F5}.Release|x64.Build.0 = Release|Any CPU
		{F5F96B07-0D90-4328-BC84-7B6A03EA37F5}.Release|x86.ActiveCfg = Release|Any CPU
		{F5F96B07-0D90-4328-BC84-7B6A03EA37F5}.Release|x86.Build.0 = Release|Any CPU
		{A920769E-3E80-4DF6-BFFB-FE6C7EB5B300}.Debug|Any CPU.ActiveCfg = Debug|Any CPU
		{A920769E-3E80-4DF6-BFFB-FE6C7EB5B300}.Debug|Any CPU.Build.0 = Debug|Any CPU
		{A920769E-3E80-4DF6-BFFB-FE6C7EB5B300}.Debug|x64.ActiveCfg = Debug|Any CPU
		{A920769E-3E80-4DF6-BFFB-FE6C7EB5B300}.Debug|x64.Build.0 = Debug|Any CPU
		{A920769E-3E80-4DF6-BFFB-FE6C7EB5B300}.Debug|x86.ActiveCfg = Debug|Any CPU
		{A920769E-3E80-4DF6-BFFB-FE6C7EB5B300}.Debug|x86.Build.0 = Debug|Any CPU
		{A920769E-3E80-4DF6-BFFB-FE6C7EB5B300}.Release|Any CPU.ActiveCfg = Release|Any CPU
		{A920769E-3E80-4DF6-BFFB-FE6C7EB5B300}.Release|Any CPU.Build.0 = Release|Any CPU
		{A920769E-3E80-4DF6-BFFB-FE6C7EB5B300}.Release|x64.ActiveCfg = Release|Any CPU
		{A920769E-3E80-4DF6-BFFB-FE6C7EB5B300}.Release|x64.Build.0 = Release|Any CPU
		{A920769E-3E80-4DF6-BFFB-FE6C7EB5B300}.Release|x86.ActiveCfg = Release|Any CPU
		{A920769E-3E80-4DF6-BFFB-FE6C7EB5B300}.Release|x86.Build.0 = Release|Any CPU
		{1D4246CF-9F54-458D-A1D3-B90F23D17396}.Debug|Any CPU.ActiveCfg = Debug|Any CPU
		{1D4246CF-9F54-458D-A1D3-B90F23D17396}.Debug|Any CPU.Build.0 = Debug|Any CPU
		{1D4246CF-9F54-458D-A1D3-B90F23D17396}.Debug|x64.ActiveCfg = Debug|Any CPU
		{1D4246CF-9F54-458D-A1D3-B90F23D17396}.Debug|x64.Build.0 = Debug|Any CPU
		{1D4246CF-9F54-458D-A1D3-B90F23D17396}.Debug|x86.ActiveCfg = Debug|Any CPU
		{1D4246CF-9F54-458D-A1D3-B90F23D17396}.Debug|x86.Build.0 = Debug|Any CPU
		{1D4246CF-9F54-458D-A1D3-B90F23D17396}.Release|Any CPU.ActiveCfg = Release|Any CPU
		{1D4246CF-9F54-458D-A1D3-B90F23D17396}.Release|Any CPU.Build.0 = Release|Any CPU
		{1D4246CF-9F54-458D-A1D3-B90F23D17396}.Release|x64.ActiveCfg = Release|Any CPU
		{1D4246CF-9F54-458D-A1D3-B90F23D17396}.Release|x64.Build.0 = Release|Any CPU
		{1D4246CF-9F54-458D-A1D3-B90F23D17396}.Release|x86.ActiveCfg = Release|Any CPU
		{1D4246CF-9F54-458D-A1D3-B90F23D17396}.Release|x86.Build.0 = Release|Any CPU
	EndGlobalSection
EndGlobal
